
Microsoft Visual Studio Solution File, Format Version 12.00
# Visual Studio Version 16
VisualStudioVersion = 16.0.30320.27
MinimumVisualStudioVersion = 10.0.40219.1
Project("{8BC9CEB8-8B4A-11D0-8D11-00A0C91BC942}") = "Labs C++", "Labs C++.vcxproj", "{5166232D-9FF8-45B0-B52E-17DFDB4BF859}"
EndProject
Global
	GlobalSection(SolutionConfigurationPlatforms) = preSolution
		Debug|x64 = Debug|x64
		Debug|x86 = Debug|x86
		Release|x64 = Release|x64
		Release|x86 = Release|x86
	EndGlobalSection
	GlobalSection(ProjectConfigurationPlatforms) = postSolution
		{5166232D-9FF8-45B0-B52E-17DFDB4BF859}.Debug|x64.ActiveCfg = Debug|x64
		{5166232D-9FF8-45B0-B52E-17DFDB4BF859}.Debug|x64.Build.0 = Debug|x64
		{5166232D-9FF8-45B0-B52E-17DFDB4BF859}.Debug|x86.ActiveCfg = Debug|Win32
		{5166232D-9FF8-45B0-B52E-17DFDB4BF859}.Debug|x86.Build.0 = Debug|Win32
		{5166232D-9FF8-45B0-B52E-17DFDB4BF859}.Release|x64.ActiveCfg = Release|x64
		{5166232D-9FF8-45B0-B52E-17DFDB4BF859}.Release|x64.Build.0 = Release|x64
		{5166232D-9FF8-45B0-B52E-17DFDB4BF859}.Release|x86.ActiveCfg = Release|Win32
		{5166232D-9FF8-45B0-B52E-17DFDB4BF859}.Release|x86.Build.0 = Release|Win32
	EndGlobalSection
	GlobalSection(SolutionProperties) = preSolution
		HideSolutionNode = FALSE
	EndGlobalSection
	GlobalSection(ExtensibilityGlobals) = postSolution
		SolutionGuid = {025D7E7C-E937-40B8-86A2-7554B6D1F267}
	EndGlobalSection
EndGlobal
